
Microsoft Visual Studio Solution File, Format Version 12.00
# Visual Studio Version 16
VisualStudioVersion = 16.0.30114.105
MinimumVisualStudioVersion = 10.0.40219.1
Project("{FAE04EC0-301F-11D3-BF4B-00C04F79EFBC}") = "T01. Count Chars in a String", "T01. Count Chars in a String\T01. Count Chars in a String.csproj", "{D06DF96B-D46C-4DCE-ACDB-786E77EBDD47}"
EndProject
Project("{FAE04EC0-301F-11D3-BF4B-00C04F79EFBC}") = "T02. A Miner Task", "T02. A Miner Task\T02. A Miner Task.csproj", "{BF3CDC45-BB35-4138-98A4-D0A9DF14B2C2}"
EndProject
Project("{FAE04EC0-301F-11D3-BF4B-00C04F79EFBC}") = "T03. Legendary Farming", "T03. Legendary Farming\T03. Legendary Farming.csproj", "{AD6EEFE8-C4D1-436B-B53A-F3605AD99D97}"
EndProject
Project("{FAE04EC0-301F-11D3-BF4B-00C04F79EFBC}") = "T04. Orders", "T04. Orders\T04. Orders.csproj", "{D65AFED9-B66B-4989-BCAA-1FB31118CF7F}"
EndProject
Project("{FAE04EC0-301F-11D3-BF4B-00C04F79EFBC}") = "T05. SoftUni Parking", "T05. SoftUni Parking\T05. SoftUni Parking.csproj", "{5D35F76F-4575-4229-AA3B-F79D34DEDFBF}"
EndProject
Project("{FAE04EC0-301F-11D3-BF4B-00C04F79EFBC}") = "T06. Courses", "T06. Courses\T06. Courses.csproj", "{34463EDA-94BC-46E4-B45C-144C2064F565}"
EndProject
Global
	GlobalSection(SolutionConfigurationPlatforms) = preSolution
		Debug|Any CPU = Debug|Any CPU
		Release|Any CPU = Release|Any CPU
	EndGlobalSection
	GlobalSection(ProjectConfigurationPlatforms) = postSolution
		{D06DF96B-D46C-4DCE-ACDB-786E77EBDD47}.Debug|Any CPU.ActiveCfg = Debug|Any CPU
		{D06DF96B-D46C-4DCE-ACDB-786E77EBDD47}.Debug|Any CPU.Build.0 = Debug|Any CPU
		{D06DF96B-D46C-4DCE-ACDB-786E77EBDD47}.Release|Any CPU.ActiveCfg = Release|Any CPU
		{D06DF96B-D46C-4DCE-ACDB-786E77EBDD47}.Release|Any CPU.Build.0 = Release|Any CPU
		{BF3CDC45-BB35-4138-98A4-D0A9DF14B2C2}.Debug|Any CPU.ActiveCfg = Debug|Any CPU
		{BF3CDC45-BB35-4138-98A4-D0A9DF14B2C2}.Debug|Any CPU.Build.0 = Debug|Any CPU
		{BF3CDC45-BB35-4138-98A4-D0A9DF14B2C2}.Release|Any CPU.ActiveCfg = Release|Any CPU
		{BF3CDC45-BB35-4138-98A4-D0A9DF14B2C2}.Release|Any CPU.Build.0 = Release|Any CPU
		{AD6EEFE8-C4D1-436B-B53A-F3605AD99D97}.Debug|Any CPU.ActiveCfg = Debug|Any CPU
		{AD6EEFE8-C4D1-436B-B53A-F3605AD99D97}.Debug|Any CPU.Build.0 = Debug|Any CPU
		{AD6EEFE8-C4D1-436B-B53A-F3605AD99D97}.Release|Any CPU.ActiveCfg = Release|Any CPU
		{AD6EEFE8-C4D1-436B-B53A-F3605AD99D97}.Release|Any CPU.Build.0 = Release|Any CPU
		{D65AFED9-B66B-4989-BCAA-1FB31118CF7F}.Debug|Any CPU.ActiveCfg = Debug|Any CPU
		{D65AFED9-B66B-4989-BCAA-1FB31118CF7F}.Debug|Any CPU.Build.0 = Debug|Any CPU
		{D65AFED9-B66B-4989-BCAA-1FB31118CF7F}.Release|Any CPU.ActiveCfg = Release|Any CPU
		{D65AFED9-B66B-4989-BCAA-1FB31118CF7F}.Release|Any CPU.Build.0 = Release|Any CPU
		{5D35F76F-4575-4229-AA3B-F79D34DEDFBF}.Debug|Any CPU.ActiveCfg = Debug|Any CPU
		{5D35F76F-4575-4229-AA3B-F79D34DEDFBF}.Debug|Any CPU.Build.0 = Debug|Any CPU
		{5D35F76F-4575-4229-AA3B-F79D34DEDFBF}.Release|Any CPU.ActiveCfg = Release|Any CPU
		{5D35F76F-4575-4229-AA3B-F79D34DEDFBF}.Release|Any CPU.Build.0 = Release|Any CPU
		{34463EDA-94BC-46E4-B45C-144C2064F565}.Debug|Any CPU.ActiveCfg = Debug|Any CPU
		{34463EDA-94BC-46E4-B45C-144C2064F565}.Debug|Any CPU.Build.0 = Debug|Any CPU
		{34463EDA-94BC-46E4-B45C-144C2064F565}.Release|Any CPU.ActiveCfg = Release|Any CPU
		{34463EDA-94BC-46E4-B45C-144C2064F565}.Release|Any CPU.Build.0 = Release|Any CPU
	EndGlobalSection
	GlobalSection(SolutionProperties) = preSolution
		HideSolutionNode = FALSE
	EndGlobalSection
	GlobalSection(ExtensibilityGlobals) = postSolution
		SolutionGuid = {DC249E48-9F25-47ED-857C-838102BCF4DD}
	EndGlobalSection
EndGlobal
