
Microsoft Visual Studio Solution File, Format Version 12.00
# Visual Studio Version 17
VisualStudioVersion = 17.2.32516.85
MinimumVisualStudioVersion = 10.0.40219.1
Project("{FAE04EC0-301F-11D3-BF4B-00C04F79EFBC}") = "Shapes", "Shapes\Shapes.csproj", "{AAAA1D3A-6ED0-4216-9406-E90751A148E4}"
EndProject
Global
	GlobalSection(SolutionConfigurationPlatforms) = preSolution
		Debug|Any CPU = Debug|Any CPU
		Release|Any CPU = Release|Any CPU
	EndGlobalSection
	GlobalSection(ProjectConfigurationPlatforms) = postSolution
		{AAAA1D3A-6ED0-4216-9406-E90751A148E4}.Debug|Any CPU.ActiveCfg = Debug|Any CPU
		{AAAA1D3A-6ED0-4216-9406-E90751A148E4}.Debug|Any CPU.Build.0 = Debug|Any CPU
		{AAAA1D3A-6ED0-4216-9406-E90751A148E4}.Release|Any CPU.ActiveCfg = Release|Any CPU
		{AAAA1D3A-6ED0-4216-9406-E90751A148E4}.Release|Any CPU.Build.0 = Release|Any CPU
	EndGlobalSection
	GlobalSection(SolutionProperties) = preSolution
		HideSolutionNode = FALSE
	EndGlobalSection
	GlobalSection(ExtensibilityGlobals) = postSolution
		SolutionGuid = {5DBC8501-4D04-44C3-8F49-73810EED3E34}
	EndGlobalSection
EndGlobal
