
Microsoft Visual Studio Solution File, Format Version 12.00
# Visual Studio Version 17
VisualStudioVersion = 17.2.32516.85
MinimumVisualStudioVersion = 10.0.40219.1
Project("{FAE04EC0-301F-11D3-BF4B-00C04F79EFBC}") = "PersonsInfo", "ConsoleApp1\PersonsInfo.csproj", "{0180B425-D846-47C1-9F4F-FFC06F8F7C09}"
EndProject
Global
	GlobalSection(SolutionConfigurationPlatforms) = preSolution
		Debug|Any CPU = Debug|Any CPU
		Release|Any CPU = Release|Any CPU
	EndGlobalSection
	GlobalSection(ProjectConfigurationPlatforms) = postSolution
		{0180B425-D846-47C1-9F4F-FFC06F8F7C09}.Debug|Any CPU.ActiveCfg = Debug|Any CPU
		{0180B425-D846-47C1-9F4F-FFC06F8F7C09}.Debug|Any CPU.Build.0 = Debug|Any CPU
		{0180B425-D846-47C1-9F4F-FFC06F8F7C09}.Release|Any CPU.ActiveCfg = Release|Any CPU
		{0180B425-D846-47C1-9F4F-FFC06F8F7C09}.Release|Any CPU.Build.0 = Release|Any CPU
	EndGlobalSection
	GlobalSection(SolutionProperties) = preSolution
		HideSolutionNode = FALSE
	EndGlobalSection
	GlobalSection(ExtensibilityGlobals) = postSolution
		SolutionGuid = {B4BF4208-7D5A-46E3-B387-AA99AB071CE8}
	EndGlobalSection
EndGlobal
