
Microsoft Visual Studio Solution File, Format Version 12.00
# Visual Studio Version 17
VisualStudioVersion = 17.2.32516.85
MinimumVisualStudioVersion = 10.0.40219.1
Project("{9A19103F-16F7-4668-BE54-9A1E7A4F7556}") = "01. Meal Plan", "01. Meal Plan\01. Meal Plan.csproj", "{C2D133C8-E8D6-4611-ACC9-FE5BD4AAEFB7}"
EndProject
Project("{FAE04EC0-301F-11D3-BF4B-00C04F79EFBC}") = "02.Truffle Hunter", "02.Truffle Hunter\02.Truffle Hunter.csproj", "{256D5500-A9D2-41BD-987F-7A7535EF00B3}"
EndProject
Global
	GlobalSection(SolutionConfigurationPlatforms) = preSolution
		Debug|Any CPU = Debug|Any CPU
		Release|Any CPU = Release|Any CPU
	EndGlobalSection
	GlobalSection(ProjectConfigurationPlatforms) = postSolution
		{C2D133C8-E8D6-4611-ACC9-FE5BD4AAEFB7}.Debug|Any CPU.ActiveCfg = Debug|Any CPU
		{C2D133C8-E8D6-4611-ACC9-FE5BD4AAEFB7}.Debug|Any CPU.Build.0 = Debug|Any CPU
		{C2D133C8-E8D6-4611-ACC9-FE5BD4AAEFB7}.Release|Any CPU.ActiveCfg = Release|Any CPU
		{C2D133C8-E8D6-4611-ACC9-FE5BD4AAEFB7}.Release|Any CPU.Build.0 = Release|Any CPU
		{256D5500-A9D2-41BD-987F-7A7535EF00B3}.Debug|Any CPU.ActiveCfg = Debug|Any CPU
		{256D5500-A9D2-41BD-987F-7A7535EF00B3}.Debug|Any CPU.Build.0 = Debug|Any CPU
		{256D5500-A9D2-41BD-987F-7A7535EF00B3}.Release|Any CPU.ActiveCfg = Release|Any CPU
		{256D5500-A9D2-41BD-987F-7A7535EF00B3}.Release|Any CPU.Build.0 = Release|Any CPU
	EndGlobalSection
	GlobalSection(SolutionProperties) = preSolution
		HideSolutionNode = FALSE
	EndGlobalSection
	GlobalSection(ExtensibilityGlobals) = postSolution
		SolutionGuid = {5C9817FD-7452-44E3-BBBC-C4CB6F922237}
	EndGlobalSection
EndGlobal
