
Microsoft Visual Studio Solution File, Format Version 12.00
# Visual Studio Version 16
VisualStudioVersion = 16.0.30114.105
MinimumVisualStudioVersion = 10.0.40219.1
Project("{FAE04EC0-301F-11D3-BF4B-00C04F79EFBC}") = "T01. Cooking Masterclass", "T01. Cooking Masterclass\T01. Cooking Masterclass.csproj", "{6687DCAB-DCD8-4328-9AA7-E6A320FCA398}"
EndProject
Project("{FAE04EC0-301F-11D3-BF4B-00C04F79EFBC}") = "T02. Numbers", "T02. Numbers\T02. Numbers.csproj", "{48B31E30-894C-47D0-B2EF-245E4730820F}"
EndProject
Project("{FAE04EC0-301F-11D3-BF4B-00C04F79EFBC}") = "T03. School Library", "T03. School Library\T03. School Library.csproj", "{24CF077C-83E9-4C26-BB48-3EDECE43DE3B}"
EndProject
Global
	GlobalSection(SolutionConfigurationPlatforms) = preSolution
		Debug|Any CPU = Debug|Any CPU
		Release|Any CPU = Release|Any CPU
	EndGlobalSection
	GlobalSection(ProjectConfigurationPlatforms) = postSolution
		{6687DCAB-DCD8-4328-9AA7-E6A320FCA398}.Debug|Any CPU.ActiveCfg = Debug|Any CPU
		{6687DCAB-DCD8-4328-9AA7-E6A320FCA398}.Debug|Any CPU.Build.0 = Debug|Any CPU
		{6687DCAB-DCD8-4328-9AA7-E6A320FCA398}.Release|Any CPU.ActiveCfg = Release|Any CPU
		{6687DCAB-DCD8-4328-9AA7-E6A320FCA398}.Release|Any CPU.Build.0 = Release|Any CPU
		{48B31E30-894C-47D0-B2EF-245E4730820F}.Debug|Any CPU.ActiveCfg = Debug|Any CPU
		{48B31E30-894C-47D0-B2EF-245E4730820F}.Debug|Any CPU.Build.0 = Debug|Any CPU
		{48B31E30-894C-47D0-B2EF-245E4730820F}.Release|Any CPU.ActiveCfg = Release|Any CPU
		{48B31E30-894C-47D0-B2EF-245E4730820F}.Release|Any CPU.Build.0 = Release|Any CPU
		{24CF077C-83E9-4C26-BB48-3EDECE43DE3B}.Debug|Any CPU.ActiveCfg = Debug|Any CPU
		{24CF077C-83E9-4C26-BB48-3EDECE43DE3B}.Debug|Any CPU.Build.0 = Debug|Any CPU
		{24CF077C-83E9-4C26-BB48-3EDECE43DE3B}.Release|Any CPU.ActiveCfg = Release|Any CPU
		{24CF077C-83E9-4C26-BB48-3EDECE43DE3B}.Release|Any CPU.Build.0 = Release|Any CPU
	EndGlobalSection
	GlobalSection(SolutionProperties) = preSolution
		HideSolutionNode = FALSE
	EndGlobalSection
	GlobalSection(ExtensibilityGlobals) = postSolution
		SolutionGuid = {61AEF1A6-BC13-40B6-814A-D1B0603D2540}
	EndGlobalSection
EndGlobal
